
Microsoft Visual Studio Solution File, Format Version 12.00
# Visual Studio Version 17
VisualStudioVersion = 17.6.33723.286
MinimumVisualStudioVersion = 10.0.40219.1
Project("{FAE04EC0-301F-11D3-BF4B-00C04F79EFBC}") = "beam form", "beam form\beam form.csproj", "{95F8CA5F-C2B0-4BC7-8E25-4FB87998F9F3}"
EndProject
Global
	GlobalSection(SolutionConfigurationPlatforms) = preSolution
		Debug|Any CPU = Debug|Any CPU
		Release|Any CPU = Release|Any CPU
	EndGlobalSection
	GlobalSection(ProjectConfigurationPlatforms) = postSolution
		{95F8CA5F-C2B0-4BC7-8E25-4FB87998F9F3}.Debug|Any CPU.ActiveCfg = Debug|Any CPU
		{95F8CA5F-C2B0-4BC7-8E25-4FB87998F9F3}.Debug|Any CPU.Build.0 = Debug|Any CPU
		{95F8CA5F-C2B0-4BC7-8E25-4FB87998F9F3}.Release|Any CPU.ActiveCfg = Release|Any CPU
		{95F8CA5F-C2B0-4BC7-8E25-4FB87998F9F3}.Release|Any CPU.Build.0 = Release|Any CPU
	EndGlobalSection
	GlobalSection(SolutionProperties) = preSolution
		HideSolutionNode = FALSE
	EndGlobalSection
	GlobalSection(ExtensibilityGlobals) = postSolution
		SolutionGuid = {372777AA-E12F-4D8E-AE2D-80B92AEBE36C}
	EndGlobalSection
EndGlobal
